{
  "name": "eleno",
  "version": "1.6.37",
  "lockfileVersion": 3,
  "requires": true,
  "packages": {
    "": {
      "name": "eleno",
      "version": "1.6.37",
      "license": "ISC",
      "dependencies": {
        "parse-version-string": "^1.0.1"
      }
    },
    "node_modules/parse-version-string": {
      "version": "1.0.1",
      "resolved": "https://registry.npmjs.org/parse-version-string/-/parse-version-string-1.0.1.tgz",
      "integrity": "sha512-7xJTYr8m7aRQXCZ22Nr6Nogr6wAZQ0ymQxmy6/GzDhV3s1dhYxAqfweZ2DUROZhGTeet/Xj9Iq+cSZu5MkxhUQ=="
    }
  }
}
